
Microsoft Visual Studio Solution File, Format Version 12.00
# Visual Studio Version 17
VisualStudioVersion = 17.4.33122.133
MinimumVisualStudioVersion = 10.0.40219.1
Project("{9A19103F-16F7-4668-BE54-9A1E7A4F7556}") = "qenergy", "qenergy.csproj", "{5CB52316-9AB5-4214-B53A-B418715029E1}"
EndProject
Project("{FAE04EC0-301F-11D3-BF4B-00C04F79EFBC}") = "qenergy.Tests", "..\qenergy.Tests\qenergy.Tests.csproj", "{BFA42F74-E9B7-4C2B-81EE-EB7D52DFA160}"
EndProject
Project("{FAE04EC0-301F-11D3-BF4B-00C04F79EFBC}") = "qenergyTests", "..\qenergyTests\qenergyTests.csproj", "{95575C5E-35BE-40AF-BB6A-A93EDD30883B}"
EndProject
Global
	GlobalSection(SolutionConfigurationPlatforms) = preSolution
		Debug|Any CPU = Debug|Any CPU
		Release|Any CPU = Release|Any CPU
	EndGlobalSection
	GlobalSection(ProjectConfigurationPlatforms) = postSolution
		{5CB52316-9AB5-4214-B53A-B418715029E1}.Debug|Any CPU.ActiveCfg = Debug|Any CPU
		{5CB52316-9AB5-4214-B53A-B418715029E1}.Debug|Any CPU.Build.0 = Debug|Any CPU
		{5CB52316-9AB5-4214-B53A-B418715029E1}.Release|Any CPU.ActiveCfg = Release|Any CPU
		{5CB52316-9AB5-4214-B53A-B418715029E1}.Release|Any CPU.Build.0 = Release|Any CPU
		{BFA42F74-E9B7-4C2B-81EE-EB7D52DFA160}.Debug|Any CPU.ActiveCfg = Debug|Any CPU
		{BFA42F74-E9B7-4C2B-81EE-EB7D52DFA160}.Debug|Any CPU.Build.0 = Debug|Any CPU
		{BFA42F74-E9B7-4C2B-81EE-EB7D52DFA160}.Release|Any CPU.ActiveCfg = Release|Any CPU
		{BFA42F74-E9B7-4C2B-81EE-EB7D52DFA160}.Release|Any CPU.Build.0 = Release|Any CPU
		{95575C5E-35BE-40AF-BB6A-A93EDD30883B}.Debug|Any CPU.ActiveCfg = Debug|Any CPU
		{95575C5E-35BE-40AF-BB6A-A93EDD30883B}.Debug|Any CPU.Build.0 = Debug|Any CPU
		{95575C5E-35BE-40AF-BB6A-A93EDD30883B}.Release|Any CPU.ActiveCfg = Release|Any CPU
		{95575C5E-35BE-40AF-BB6A-A93EDD30883B}.Release|Any CPU.Build.0 = Release|Any CPU
	EndGlobalSection
	GlobalSection(SolutionProperties) = preSolution
		HideSolutionNode = FALSE
	EndGlobalSection
	GlobalSection(ExtensibilityGlobals) = postSolution
		SolutionGuid = {3D337742-12DE-4FF5-9BE0-2D1FE8A1ADC5}
	EndGlobalSection
EndGlobal
